// !$*UTF8*$!
{
	archiveVersion = 1;
	classes = {
	};
	objectVersion = 50;
	objects = {

/* Begin PBXBuildFile section */
		D0FA1C5222C6FA7400463EEF /* AppDelegate.swift in Sources */ = {isa = PBXBuildFile; fileRef = D0FA1C5122C6FA7400463EEF /* AppDelegate.swift */; };
		D0FA1C5422C6FA7400463EEF /* ViewController.swift in Sources */ = {isa = PBXBuildFile; fileRef = D0FA1C5322C6FA7400463EEF /* ViewController.swift */; };
		D0FA1C5722C6FA7400463EEF /* Main.storyboard in Resources */ = {isa = PBXBuildFile; fileRef = D0FA1C5522C6FA7400463EEF /* Main.storyboard */; };
		D0FA1C5922C6FA7700463EEF /* Assets.xcassets in Resources */ = {isa = PBXBuildFile; fileRef = D0FA1C5822C6FA7700463EEF /* Assets.xcassets */; };
		D0FA1C5C22C6FA7700463EEF /* LaunchScreen.storyboard in Resources */ = {isa = PBXBuildFile; fileRef = D0FA1C5A22C6FA7700463EEF /* LaunchScreen.storyboard */; };
		D0FA1C6722C6FA7700463EEF /* BaseUIComponent_pickerViewTests.swift in Sources */ = {isa = PBXBuildFile; fileRef = D0FA1C6622C6FA7700463EEF /* BaseUIComponent_pickerViewTests.swift */; };
		D0FA1C7222C6FA7700463EEF /* BaseUIComponent_pickerViewUITests.swift in Sources */ = {isa = PBXBuildFile; fileRef = D0FA1C7122C6FA7700463EEF /* BaseUIComponent_pickerViewUITests.swift */; };
/* End PBXBuildFile section */

/* Begin PBXContainerItemProxy section */
		D0FA1C6322C6FA7700463EEF /* PBXContainerItemProxy */ = {
			isa = PBXContainerItemProxy;
			containerPortal = D0FA1C4622C6FA7400463EEF /* Project object */;
			proxyType = 1;
			remoteGlobalIDString = D0FA1C4D22C6FA7400463EEF;
			remoteInfo = BaseUIComponent_pickerView;
		};
		D0FA1C6E22C6FA7700463EEF /* PBXContainerItemProxy */ = {
			isa = PBXContainerItemProxy;
			containerPortal = D0FA1C4622C6FA7400463EEF /* Project object */;
			proxyType = 1;
			remoteGlobalIDString = D0FA1C4D22C6FA7400463EEF;
			remoteInfo = BaseUIComponent_pickerView;
		};
/* End PBXContainerItemProxy section */

/* Begin PBXFileReference section */
		D0FA1C4E22C6FA7400463EEF /* BaseUIComponent_pickerView.app */ = {isa = PBXFileReference; explicitFileType = wrapper.application; includeInIndex = 0; path = BaseUIComponent_pickerView.app; sourceTree = BUILT_PRODUCTS_DIR; };
		D0FA1C5122C6FA7400463EEF /* AppDelegate.swift */ = {isa = PBXFileReference; lastKnownFileType = sourcecode.swift; path = AppDelegate.swift; sourceTree = "<group>"; };
		D0FA1C5322C6FA7400463EEF /* ViewController.swift */ = {isa = PBXFileReference; lastKnownFileType = sourcecode.swift; path = ViewController.swift; sourceTree = "<group>"; };
		D0FA1C5622C6FA7400463EEF /* Base */ = {isa = PBXFileReference; lastKnownFileType = file.storyboard; name = Base; path = Base.lproj/Main.storyboard; sourceTree = "<group>"; };
		D0FA1C5822C6FA7700463EEF /* Assets.xcassets */ = {isa = PBXFileReference; lastKnownFileType = folder.assetcatalog; path = Assets.xcassets; sourceTree = "<group>"; };
		D0FA1C5B22C6FA7700463EEF /* Base */ = {isa = PBXFileReference; lastKnownFileType = file.storyboard; name = Base; path = Base.lproj/LaunchScreen.storyboard; sourceTree = "<group>"; };
		D0FA1C5D22C6FA7700463EEF /* Info.plist */ = {isa = PBXFileReference; lastKnownFileType = text.plist.xml; path = Info.plist; sourceTree = "<group>"; };
		D0FA1C6222C6FA7700463EEF /* BaseUIComponent_pickerViewTests.xctest */ = {isa = PBXFileReference; explicitFileType = wrapper.cfbundle; includeInIndex = 0; path = BaseUIComponent_pickerViewTests.xctest; sourceTree = BUILT_PRODUCTS_DIR; };
		D0FA1C6622C6FA7700463EEF /* BaseUIComponent_pickerViewTests.swift */ = {isa = PBXFileReference; lastKnownFileType = sourcecode.swift; path = BaseUIComponent_pickerViewTests.swift; sourceTree = "<group>"; };
		D0FA1C6822C6FA7700463EEF /* Info.plist */ = {isa = PBXFileReference; lastKnownFileType = text.plist.xml; path = Info.plist; sourceTree = "<group>"; };
		D0FA1C6D22C6FA7700463EEF /* BaseUIComponent_pickerViewUITests.xctest */ = {isa = PBXFileReference; explicitFileType = wrapper.cfbundle; includeInIndex = 0; path = BaseUIComponent_pickerViewUITests.xctest; sourceTree = BUILT_PRODUCTS_DIR; };
		D0FA1C7122C6FA7700463EEF /* BaseUIComponent_pickerViewUITests.swift */ = {isa = PBXFileReference; lastKnownFileType = sourcecode.swift; path = BaseUIComponent_pickerViewUITests.swift; sourceTree = "<group>"; };
		D0FA1C7322C6FA7700463EEF /* Info.plist */ = {isa = PBXFileReference; lastKnownFileType = text.plist.xml; path = Info.plist; sourceTree = "<group>"; };
/* End PBXFileReference section */

/* Begin PBXFrameworksBuildPhase section */
		D0FA1C4B22C6FA7400463EEF /* Frameworks */ = {
			isa = PBXFrameworksBuildPhase;
			buildActionMask = 2147483647;
			files = (
			);
			runOnlyForDeploymentPostprocessing = 0;
		};
		D0FA1C5F22C6FA7700463EEF /* Frameworks */ = {
			isa = PBXFrameworksBuildPhase;
			buildActionMask = 2147483647;
			files = (
			);
			runOnlyForDeploymentPostprocessing = 0;
		};
		D0FA1C6A22C6FA7700463EEF /* Frameworks */ = {
			isa = PBXFrameworksBuildPhase;
			buildActionMask = 2147483647;
			files = (
			);
			runOnlyForDeploymentPostprocessing = 0;
		};
/* End PBXFrameworksBuildPhase section */

/* Begin PBXGroup section */
		D0FA1C4522C6FA7400463EEF = {
			isa = PBXGroup;
			children = (
				D0FA1C5022C6FA7400463EEF /* BaseUIComponent_pickerView */,
				D0FA1C6522C6FA7700463EEF /* BaseUIComponent_pickerViewTests */,
				D0FA1C7022C6FA7700463EEF /* BaseUIComponent_pickerViewUITests */,
				D0FA1C4F22C6FA7400463EEF /* Products */,
			);
			sourceTree = "<group>";
		};
		D0FA1C4F22C6FA7400463EEF /* Products */ = {
			isa = PBXGroup;
			children = (
				D0FA1C4E22C6FA7400463EEF /* BaseUIComponent_pickerView.app */,
				D0FA1C6222C6FA7700463EEF /* BaseUIComponent_pickerViewTests.xctest */,
				D0FA1C6D22C6FA7700463EEF /* BaseUIComponent_pickerViewUITests.xctest */,
			);
			name = Products;
			sourceTree = "<group>";
		};
		D0FA1C5022C6FA7400463EEF /* BaseUIComponent_pickerView */ = {
			isa = PBXGroup;
			children = (
				D0FA1C5122C6FA7400463EEF /* AppDelegate.swift */,
				D0FA1C5322C6FA7400463EEF /* ViewController.swift */,
				D0FA1C5522C6FA7400463EEF /* Main.storyboard */,
				D0FA1C5822C6FA7700463EEF /* Assets.xcassets */,
				D0FA1C5A22C6FA7700463EEF /* LaunchScreen.storyboard */,
				D0FA1C5D22C6FA7700463EEF /* Info.plist */,
			);
			path = BaseUIComponent_pickerView;
			sourceTree = "<group>";
		};
		D0FA1C6522C6FA7700463EEF /* BaseUIComponent_pickerViewTests */ = {
			isa = PBXGroup;
			children = (
				D0FA1C6622C6FA7700463EEF /* BaseUIComponent_pickerViewTests.swift */,
				D0FA1C6822C6FA7700463EEF /* Info.plist */,
			);
			path = BaseUIComponent_pickerViewTests;
			sourceTree = "<group>";
		};
		D0FA1C7022C6FA7700463EEF /* BaseUIComponent_pickerViewUITests */ = {
			isa = PBXGroup;
			children = (
				D0FA1C7122C6FA7700463EEF /* BaseUIComponent_pickerViewUITests.swift */,
				D0FA1C7322C6FA7700463EEF /* Info.plist */,
			);
			path = BaseUIComponent_pickerViewUITests;
			sourceTree = "<group>";
		};
/* End PBXGroup section */

/* Begin PBXNativeTarget section */
		D0FA1C4D22C6FA7400463EEF /* BaseUIComponent_pickerView */ = {
			isa = PBXNativeTarget;
			buildConfigurationList = D0FA1C7622C6FA7700463EEF /* Build configuration list for PBXNativeTarget "BaseUIComponent_pickerView" */;
			buildPhases = (
				D0FA1C4A22C6FA7400463EEF /* Sources */,
				D0FA1C4B22C6FA7400463EEF /* Frameworks */,
				D0FA1C4C22C6FA7400463EEF /* Resources */,
			);
			buildRules = (
			);
			dependencies = (
			);
			name = BaseUIComponent_pickerView;
			productName = BaseUIComponent_pickerView;
			productReference = D0FA1C4E22C6FA7400463EEF /* BaseUIComponent_pickerView.app */;
			productType = "com.apple.product-type.application";
		};
		D0FA1C6122C6FA7700463EEF /* BaseUIComponent_pickerViewTests */ = {
			isa = PBXNativeTarget;
			buildConfigurationList = D0FA1C7922C6FA7700463EEF /* Build configuration list for PBXNativeTarget "BaseUIComponent_pickerViewTests" */;
			buildPhases = (
				D0FA1C5E22C6FA7700463EEF /* Sources */,
				D0FA1C5F22C6FA7700463EEF /* Frameworks */,
				D0FA1C6022C6FA7700463EEF /* Resources */,
			);
			buildRules = (
			);
			dependencies = (
				D0FA1C6422C6FA7700463EEF /* PBXTargetDependency */,
			);
			name = BaseUIComponent_pickerViewTests;
			productName = BaseUIComponent_pickerViewTests;
			productReference = D0FA1C6222C6FA7700463EEF /* BaseUIComponent_pickerViewTests.xctest */;
			productType = "com.apple.product-type.bundle.unit-test";
		};
		D0FA1C6C22C6FA7700463EEF /* BaseUIComponent_pickerViewUITests */ = {
			isa = PBXNativeTarget;
			buildConfigurationList = D0FA1C7C22C6FA7700463EEF /* Build configuration list for PBXNativeTarget "BaseUIComponent_pickerViewUITests" */;
			buildPhases = (
				D0FA1C6922C6FA7700463EEF /* Sources */,
				D0FA1C6A22C6FA7700463EEF /* Frameworks */,
				D0FA1C6B22C6FA7700463EEF /* Resources */,
			);
			buildRules = (
			);
			dependencies = (
				D0FA1C6F22C6FA7700463EEF /* PBXTargetDependency */,
			);
			name = BaseUIComponent_pickerViewUITests;
			productName = BaseUIComponent_pickerViewUITests;
			productReference = D0FA1C6D22C6FA7700463EEF /* BaseUIComponent_pickerViewUITests.xctest */;
			productType = "com.apple.product-type.bundle.ui-testing";
		};
/* End PBXNativeTarget section */

/* Begin PBXProject section */
		D0FA1C4622C6FA7400463EEF /* Project object */ = {
			isa = PBXProject;
			attributes = {
				LastSwiftUpdateCheck = 1020;
				LastUpgradeCheck = 1020;
				ORGANIZATIONNAME = peter;
				TargetAttributes = {
					D0FA1C4D22C6FA7400463EEF = {
						CreatedOnToolsVersion = 10.2;
					};
					D0FA1C6122C6FA7700463EEF = {
						CreatedOnToolsVersion = 10.2;
						TestTargetID = D0FA1C4D22C6FA7400463EEF;
					};
					D0FA1C6C22C6FA7700463EEF = {
						CreatedOnToolsVersion = 10.2;
						TestTargetID = D0FA1C4D22C6FA7400463EEF;
					};
				};
			};
			buildConfigurationList = D0FA1C4922C6FA7400463EEF /* Build configuration list for PBXProject "BaseUIComponent_pickerView" */;
			compatibilityVersion = "Xcode 9.3";
			developmentRegion = en;
			hasScannedForEncodings = 0;
			knownRegions = (
				en,
				Base,
			);
			mainGroup = D0FA1C4522C6FA7400463EEF;
			productRefGroup = D0FA1C4F22C6FA7400463EEF /* Products */;
			projectDirPath = "";
			projectRoot = "";
			targets = (
				D0FA1C4D22C6FA7400463EEF /* BaseUIComponent_pickerView */,
				D0FA1C6122C6FA7700463EEF /* BaseUIComponent_pickerViewTests */,
				D0FA1C6C22C6FA7700463EEF /* BaseUIComponent_pickerViewUITests */,
			);
		};
/* End PBXProject section */

/* Begin PBXResourcesBuildPhase section */
		D0FA1C4C22C6FA7400463EEF /* Resources */ = {
			isa = PBXResourcesBuildPhase;
			buildActionMask = 2147483647;
			files = (
				D0FA1C5C22C6FA7700463EEF /* LaunchScreen.storyboard in Resources */,
				D0FA1C5922C6FA7700463EEF /* Assets.xcassets in Resources */,
				D0FA1C5722C6FA7400463EEF /* Main.storyboard in Resources */,
			);
			runOnlyForDeploymentPostprocessing = 0;
		};
		D0FA1C6022C6FA7700463EEF /* Resources */ = {
			isa = PBXResourcesBuildPhase;
			buildActionMask = 2147483647;
			files = (
			);
			runOnlyForDeploymentPostprocessing = 0;
		};
		D0FA1C6B22C6FA7700463EEF /* Resources */ = {
			isa = PBXResourcesBuildPhase;
			buildActionMask = 2147483647;
			files = (
			);
			runOnlyForDeploymentPostprocessing = 0;
		};
/* End PBXResourcesBuildPhase section */

/* Begin PBXSourcesBuildPhase section */
		D0FA1C4A22C6FA7400463EEF /* Sources */ = {
			isa = PBXSourcesBuildPhase;
			buildActionMask = 2147483647;
			files = (
				D0FA1C5422C6FA7400463EEF /* ViewController.swift in Sources */,
				D0FA1C5222C6FA7400463EEF /* AppDelegate.swift in Sources */,
			);
			runOnlyForDeploymentPostprocessing = 0;
		};
		D0FA1C5E22C6FA7700463EEF /* Sources */ = {
			isa = PBXSourcesBuildPhase;
			buildActionMask = 2147483647;
			files = (
				D0FA1C6722C6FA7700463EEF /* BaseUIComponent_pickerViewTests.swift in Sources */,
			);
			runOnlyForDeploymentPostprocessing = 0;
		};
		D0FA1C6922C6FA7700463EEF /* Sources */ = {
			isa = PBXSourcesBuildPhase;
			buildActionMask = 2147483647;
			files = (
				D0FA1C7222C6FA7700463EEF /* BaseUIComponent_pickerViewUITests.swift in Sources */,
			);
			runOnlyForDeploymentPostprocessing = 0;
		};
/* End PBXSourcesBuildPhase section */

/* Begin PBXTargetDependency section */
		D0FA1C6422C6FA7700463EEF /* PBXTargetDependency */ = {
			isa = PBXTargetDependency;
			target = D0FA1C4D22C6FA7400463EEF /* BaseUIComponent_pickerView */;
			targetProxy = D0FA1C6322C6FA7700463EEF /* PBXContainerItemProxy */;
		};
		D0FA1C6F22C6FA7700463EEF /* PBXTargetDependency */ = {
			isa = PBXTargetDependency;
			target = D0FA1C4D22C6FA7400463EEF /* BaseUIComponent_pickerView */;
			targetProxy = D0FA1C6E22C6FA7700463EEF /* PBXContainerItemProxy */;
		};
/* End PBXTargetDependency section */

/* Begin PBXVariantGroup section */
		D0FA1C5522C6FA7400463EEF /* Main.storyboard */ = {
			isa = PBXVariantGroup;
			children = (
				D0FA1C5622C6FA7400463EEF /* Base */,
			);
			name = Main.storyboard;
			sourceTree = "<group>";
		};
		D0FA1C5A22C6FA7700463EEF /* LaunchScreen.storyboard */ = {
			isa = PBXVariantGroup;
			children = (
				D0FA1C5B22C6FA7700463EEF /* Base */,
			);
			name = LaunchScreen.storyboard;
			sourceTree = "<group>";
		};
/* End PBXVariantGroup section */

/* Begin XCBuildConfiguration section */
		D0FA1C7422C6FA7700463EEF /* Debug */ = {
			isa = XCBuildConfiguration;
			buildSettings = {
				ALWAYS_SEARCH_USER_PATHS = NO;
				CLANG_ANALYZER_NONNULL = YES;
				CLANG_ANALYZER_NUMBER_OBJECT_CONVERSION = YES_AGGRESSIVE;
				CLANG_CXX_LANGUAGE_STANDARD = "gnu++14";
				CLANG_CXX_LIBRARY = "libc++";
				CLANG_ENABLE_MODULES = YES;
				CLANG_ENABLE_OBJC_ARC = YES;
				CLANG_ENABLE_OBJC_WEAK = YES;
				CLANG_WARN_BLOCK_CAPTURE_AUTORELEASING = YES;
				CLANG_WARN_BOOL_CONVERSION = YES;
				CLANG_WARN_COMMA = YES;
				CLANG_WARN_CONSTANT_CONVERSION = YES;
				CLANG_WARN_DEPRECATED_OBJC_IMPLEMENTATIONS = YES;
				CLANG_WARN_DIRECT_OBJC_ISA_USAGE = YES_ERROR;
				CLANG_WARN_DOCUMENTATION_COMMENTS = YES;
				CLANG_WARN_EMPTY_BODY = YES;
				CLANG_WARN_ENUM_CONVERSION = YES;
				CLANG_WARN_INFINITE_RECURSION = YES;
				CLANG_WARN_INT_CONVERSION = YES;
				CLANG_WARN_NON_LITERAL_NULL_CONVERSION = YES;
				CLANG_WARN_OBJC_IMPLICIT_RETAIN_SELF = YES;
				CLANG_WARN_OBJC_LITERAL_CONVERSION = YES;
				CLANG_WARN_OBJC_ROOT_CLASS = YES_ERROR;
				CLANG_WARN_RANGE_LOOP_ANALYSIS = YES;
				CLANG_WARN_STRICT_PROTOTYPES = YES;
				CLANG_WARN_SUSPICIOUS_MOVE = YES;
				CLANG_WARN_UNGUARDED_AVAILABILITY = YES_AGGRESSIVE;
				CLANG_WARN_UNREACHABLE_CODE = YES;
				CLANG_WARN__DUPLICATE_METHOD_MATCH = YES;
				CODE_SIGN_IDENTITY = "iPhone Developer";
				COPY_PHASE_STRIP = NO;
				DEBUG_INFORMATION_FORMAT = dwarf;
				ENABLE_STRICT_OBJC_MSGSEND = YES;
				ENABLE_TESTABILITY = YES;
				GCC_C_LANGUAGE_STANDARD = gnu11;
				GCC_DYNAMIC_NO_PIC = NO;
				GCC_NO_COMMON_BLOCKS = YES;
				GCC_OPTIMIZATION_LEVEL = 0;
				GCC_PREPROCESSOR_DEFINITIONS = (
					"DEBUG=1",
					"$(inherited)",
				);
				GCC_WARN_64_TO_32_BIT_CONVERSION = YES;
				GCC_WARN_ABOUT_RETURN_TYPE = YES_ERROR;
				GCC_WARN_UNDECLARED_SELECTOR = YES;
				GCC_WARN_UNINITIALIZED_AUTOS = YES_AGGRESSIVE;
				GCC_WARN_UNUSED_FUNCTION = YES;
				GCC_WARN_UNUSED_VARIABLE = YES;
				IPHONEOS_DEPLOYMENT_TARGET = 12.2;
				MTL_ENABLE_DEBUG_INFO = INCLUDE_SOURCE;
				MTL_FAST_MATH = YES;
				ONLY_ACTIVE_ARCH = YES;
				SDKROOT = iphoneos;
				SWIFT_ACTIVE_COMPILATION_CONDITIONS = DEBUG;
				SWIFT_OPTIMIZATION_LEVEL = "-Onone";
			};
			name = Debug;
		};
		D0FA1C7522C6FA7700463EEF /* Release */ = {
			isa = XCBuildConfiguration;
			buildSettings = {
				ALWAYS_SEARCH_USER_PATHS = NO;
				CLANG_ANALYZER_NONNULL = YES;
				CLANG_ANALYZER_NUMBER_OBJECT_CONVERSION = YES_AGGRESSIVE;
				CLANG_CXX_LANGUAGE_STANDARD = "gnu++14";
				CLANG_CXX_LIBRARY = "libc++";
				CLANG_ENABLE_MODULES = YES;
				CLANG_ENABLE_OBJC_ARC = YES;
				CLANG_ENABLE_OBJC_WEAK = YES;
				CLANG_WARN_BLOCK_CAPTURE_AUTORELEASING = YES;
				CLANG_WARN_BOOL_CONVERSION = YES;
				CLANG_WARN_COMMA = YES;
				CLANG_WARN_CONSTANT_CONVERSION = YES;
				CLANG_WARN_DEPRECATED_OBJC_IMPLEMENTATIONS = YES;
				CLANG_WARN_DIRECT_OBJC_ISA_USAGE = YES_ERROR;
				CLANG_WARN_DOCUMENTATION_COMMENTS = YES;
				CLANG_WARN_EMPTY_BODY = YES;
				CLANG_WARN_ENUM_CONVERSION = YES;
				CLANG_WARN_INFINITE_RECURSION = YES;
				CLANG_WARN_INT_CONVERSION = YES;
				CLANG_WARN_NON_LITERAL_NULL_CONVERSION = YES;
				CLANG_WARN_OBJC_IMPLICIT_RETAIN_SELF = YES;
				CLANG_WARN_OBJC_LITERAL_CONVERSION = YES;
				CLANG_WARN_OBJC_ROOT_CLASS = YES_ERROR;
				CLANG_WARN_RANGE_LOOP_ANALYSIS = YES;
				CLANG_WARN_STRICT_PROTOTYPES = YES;
				CLANG_WARN_SUSPICIOUS_MOVE = YES;
				CLANG_WARN_UNGUARDED_AVAILABILITY = YES_AGGRESSIVE;
				CLANG_WARN_UNREACHABLE_CODE = YES;
				CLANG_WARN__DUPLICATE_METHOD_MATCH = YES;
				CODE_SIGN_IDENTITY = "iPhone Developer";
				COPY_PHASE_STRIP = NO;
				DEBUG_INFORMATION_FORMAT = "dwarf-with-dsym";
				ENABLE_NS_ASSERTIONS = NO;
				ENABLE_STRICT_OBJC_MSGSEND = YES;
				GCC_C_LANGUAGE_STANDARD = gnu11;
				GCC_NO_COMMON_BLOCKS = YES;
				GCC_WARN_64_TO_32_BIT_CONVERSION = YES;
				GCC_WARN_ABOUT_RETURN_TYPE = YES_ERROR;
				GCC_WARN_UNDECLARED_SELECTOR = YES;
				GCC_WARN_UNINITIALIZED_AUTOS = YES_AGGRESSIVE;
				GCC_WARN_UNUSED_FUNCTION = YES;
				GCC_WARN_UNUSED_VARIABLE = YES;
				IPHONEOS_DEPLOYMENT_TARGET = 12.2;
				MTL_ENABLE_DEBUG_INFO = NO;
				MTL_FAST_MATH = YES;
				SDKROOT = iphoneos;
				SWIFT_COMPILATION_MODE = wholemodule;
				SWIFT_OPTIMIZATION_LEVEL = "-O";
				VALIDATE_PRODUCT = YES;
			};
			name = Release;
		};
		D0FA1C7722C6FA7700463EEF /* Debug */ = {
			isa = XCBuildConfiguration;
			buildSettings = {
				ASSETCATALOG_COMPILER_APPICON_NAME = AppIcon;
				CODE_SIGN_STYLE = Automatic;
				DEVELOPMENT_TEAM = YK59YLQ63X;
				INFOPLIST_FILE = BaseUIComponent_pickerView/Info.plist;
				LD_RUNPATH_SEARCH_PATHS = (
					"$(inherited)",
					"@executable_path/Frameworks",
				);
				PRODUCT_BUNDLE_IDENTIFIER = "com.peter.BaseUIComponent-pickerView";
				PRODUCT_NAME = "$(TARGET_NAME)";
				SWIFT_VERSION = 5.0;
				TARGETED_DEVICE_FAMILY = "1,2";
			};
			name = Debug;
		};
		D0FA1C7822C6FA7700463EEF /* Release */ = {
			isa = XCBuildConfiguration;
			buildSettings = {
				ASSETCATALOG_COMPILER_APPICON_NAME = AppIcon;
				CODE_SIGN_STYLE = Automatic;
				DEVELOPMENT_TEAM = YK59YLQ63X;
				INFOPLIST_FILE = BaseUIComponent_pickerView/Info.plist;
				LD_RUNPATH_SEARCH_PATHS = (
					"$(inherited)",
					"@executable_path/Frameworks",
				);
				PRODUCT_BUNDLE_IDENTIFIER = "com.peter.BaseUIComponent-pickerView";
				PRODUCT_NAME = "$(TARGET_NAME)";
				SWIFT_VERSION = 5.0;
				TARGETED_DEVICE_FAMILY = "1,2";
			};
			name = Release;
		};
		D0FA1C7A22C6FA7700463EEF /* Debug */ = {
			isa = XCBuildConfiguration;
			buildSettings = {
				ALWAYS_EMBED_SWIFT_STANDARD_LIBRARIES = YES;
				BUNDLE_LOADER = "$(TEST_HOST)";
				CODE_SIGN_STYLE = Automatic;
				DEVELOPMENT_TEAM = YK59YLQ63X;
				INFOPLIST_FILE = BaseUIComponent_pickerViewTests/Info.plist;
				LD_RUNPATH_SEARCH_PATHS = (
					"$(inherited)",
					"@executable_path/Frameworks",
					"@loader_path/Frameworks",
				);
				PRODUCT_BUNDLE_IDENTIFIER = "com.peter.BaseUIComponent-pickerViewTests";
				PRODUCT_NAME = "$(TARGET_NAME)";
				SWIFT_VERSION = 5.0;
				TARGETED_DEVICE_FAMILY = "1,2";
				TEST_HOST = "$(BUILT_PRODUCTS_DIR)/BaseUIComponent_pickerView.app/BaseUIComponent_pickerView";
			};
			name = Debug;
		};
		D0FA1C7B22C6FA7700463EEF /* Release */ = {
			isa = XCBuildConfiguration;
			buildSettings = {
				ALWAYS_EMBED_SWIFT_STANDARD_LIBRARIES = YES;
				BUNDLE_LOADER = "$(TEST_HOST)";
				CODE_SIGN_STYLE = Automatic;
				DEVELOPMENT_TEAM = YK59YLQ63X;
				INFOPLIST_FILE = BaseUIComponent_pickerViewTests/Info.plist;
				LD_RUNPATH_SEARCH_PATHS = (
					"$(inherited)",
					"@executable_path/Frameworks",
					"@loader_path/Frameworks",
				);
				PRODUCT_BUNDLE_IDENTIFIER = "com.peter.BaseUIComponent-pickerViewTests";
				PRODUCT_NAME = "$(TARGET_NAME)";
				SWIFT_VERSION = 5.0;
				TARGETED_DEVICE_FAMILY = "1,2";
				TEST_HOST = "$(BUILT_PRODUCTS_DIR)/BaseUIComponent_pickerView.app/BaseUIComponent_pickerView";
			};
			name = Release;
		};
		D0FA1C7D22C6FA7700463EEF /* Debug */ = {
			isa = XCBuildConfiguration;
			buildSettings = {
				ALWAYS_EMBED_SWIFT_STANDARD_LIBRARIES = YES;
				CODE_SIGN_STYLE = Automatic;
				DEVELOPMENT_TEAM = YK59YLQ63X;
				INFOPLIST_FILE = BaseUIComponent_pickerViewUITests/Info.plist;
				LD_RUNPATH_SEARCH_PATHS = (
					"$(inherited)",
					"@executable_path/Frameworks",
					"@loader_path/Frameworks",
				);
				PRODUCT_BUNDLE_IDENTIFIER = "com.peter.BaseUIComponent-pickerViewUITests";
				PRODUCT_NAME = "$(TARGET_NAME)";
				SWIFT_VERSION = 5.0;
				TARGETED_DEVICE_FAMILY = "1,2";
				TEST_TARGET_NAME = BaseUIComponent_pickerView;
			};
			name = Debug;
		};
		D0FA1C7E22C6FA7700463EEF /* Release */ = {
			isa = XCBuildConfiguration;
			buildSettings = {
				ALWAYS_EMBED_SWIFT_STANDARD_LIBRARIES = YES;
				CODE_SIGN_STYLE = Automatic;
				DEVELOPMENT_TEAM = YK59YLQ63X;
				INFOPLIST_FILE = BaseUIComponent_pickerViewUITests/Info.plist;
				LD_RUNPATH_SEARCH_PATHS = (
					"$(inherited)",
					"@executable_path/Frameworks",
					"@loader_path/Frameworks",
				);
				PRODUCT_BUNDLE_IDENTIFIER = "com.peter.BaseUIComponent-pickerViewUITests";
				PRODUCT_NAME = "$(TARGET_NAME)";
				SWIFT_VERSION = 5.0;
				TARGETED_DEVICE_FAMILY = "1,2";
				TEST_TARGET_NAME = BaseUIComponent_pickerView;
			};
			name = Release;
		};
/* End XCBuildConfiguration section */

/* Begin XCConfigurationList section */
		D0FA1C4922C6FA7400463EEF /* Build configuration list for PBXProject "BaseUIComponent_pickerView" */ = {
			isa = XCConfigurationList;
			buildConfigurations = (
				D0FA1C7422C6FA7700463EEF /* Debug */,
				D0FA1C7522C6FA7700463EEF /* Release */,
			);
			defaultConfigurationIsVisible = 0;
			defaultConfigurationName = Release;
		};
		D0FA1C7622C6FA7700463EEF /* Build configuration list for PBXNativeTarget "BaseUIComponent_pickerView" */ = {
			isa = XCConfigurationList;
			buildConfigurations = (
				D0FA1C7722C6FA7700463EEF /* Debug */,
				D0FA1C7822C6FA7700463EEF /* Release */,
			);
			defaultConfigurationIsVisible = 0;
			defaultConfigurationName = Release;
		};
		D0FA1C7922C6FA7700463EEF /* Build configuration list for PBXNativeTarget "BaseUIComponent_pickerViewTests" */ = {
			isa = XCConfigurationList;
			buildConfigurations = (
				D0FA1C7A22C6FA7700463EEF /* Debug */,
				D0FA1C7B22C6FA7700463EEF /* Release */,
			);
			defaultConfigurationIsVisible = 0;
			defaultConfigurationName = Release;
		};
		D0FA1C7C22C6FA7700463EEF /* Build configuration list for PBXNativeTarget "BaseUIComponent_pickerViewUITests" */ = {
			isa = XCConfigurationList;
			buildConfigurations = (
				D0FA1C7D22C6FA7700463EEF /* Debug */,
				D0FA1C7E22C6FA7700463EEF /* Release */,
			);
			defaultConfigurationIsVisible = 0;
			defaultConfigurationName = Release;
		};
/* End XCConfigurationList section */
	};
	rootObject = D0FA1C4622C6FA7400463EEF /* Project object */;
}
